
Microsoft Visual Studio Solution File, Format Version 12.00
# Visual Studio Version 17
VisualStudioVersion = 17.0.32112.339
MinimumVisualStudioVersion = 10.0.40219.1
Project("{9A19103F-16F7-4668-BE54-9A1E7A4F7556}") = "FirstTask.API", "FirstTask.API\FirstTask.API.csproj", "{C2886584-28E3-465D-A703-82A91C13D045}"
EndProject
Project("{9A19103F-16F7-4668-BE54-9A1E7A4F7556}") = "FirstTask.BLL", "FirstTask.BLL\FirstTask.BLL.csproj", "{EAA8486E-DF2C-4A1B-AB20-BE879432C22E}"
EndProject
Project("{9A19103F-16F7-4668-BE54-9A1E7A4F7556}") = "FirstTask.DAL", "FirstTask.DAL\FirstTask.DAL.csproj", "{1515B8F2-972E-44FC-98A4-0659597CDCA7}"
EndProject
Project("{FAE04EC0-301F-11D3-BF4B-00C04F79EFBC}") = "FirstTask.Shared", "FirstTask.Shared\FirstTask.Shared.csproj", "{D53F3012-DB5F-40F3-B0A7-75032E5FE1C3}"
EndProject
Project("{FAE04EC0-301F-11D3-BF4B-00C04F79EFBC}") = "FirstTask.Repository", "FirstTask.Repository\FirstTask.Repository.csproj", "{67CB43EB-DC93-42E8-9CBA-4349EF3A94B6}"
EndProject
Global
	GlobalSection(SolutionConfigurationPlatforms) = preSolution
		Debug|Any CPU = Debug|Any CPU
		Release|Any CPU = Release|Any CPU
	EndGlobalSection
	GlobalSection(ProjectConfigurationPlatforms) = postSolution
		{C2886584-28E3-465D-A703-82A91C13D045}.Debug|Any CPU.ActiveCfg = Debug|Any CPU
		{C2886584-28E3-465D-A703-82A91C13D045}.Debug|Any CPU.Build.0 = Debug|Any CPU
		{C2886584-28E3-465D-A703-82A91C13D045}.Release|Any CPU.ActiveCfg = Release|Any CPU
		{C2886584-28E3-465D-A703-82A91C13D045}.Release|Any CPU.Build.0 = Release|Any CPU
		{EAA8486E-DF2C-4A1B-AB20-BE879432C22E}.Debug|Any CPU.ActiveCfg = Debug|Any CPU
		{EAA8486E-DF2C-4A1B-AB20-BE879432C22E}.Debug|Any CPU.Build.0 = Debug|Any CPU
		{EAA8486E-DF2C-4A1B-AB20-BE879432C22E}.Release|Any CPU.ActiveCfg = Release|Any CPU
		{EAA8486E-DF2C-4A1B-AB20-BE879432C22E}.Release|Any CPU.Build.0 = Release|Any CPU
		{1515B8F2-972E-44FC-98A4-0659597CDCA7}.Debug|Any CPU.ActiveCfg = Debug|Any CPU
		{1515B8F2-972E-44FC-98A4-0659597CDCA7}.Debug|Any CPU.Build.0 = Debug|Any CPU
		{1515B8F2-972E-44FC-98A4-0659597CDCA7}.Release|Any CPU.ActiveCfg = Release|Any CPU
		{1515B8F2-972E-44FC-98A4-0659597CDCA7}.Release|Any CPU.Build.0 = Release|Any CPU
		{D53F3012-DB5F-40F3-B0A7-75032E5FE1C3}.Debug|Any CPU.ActiveCfg = Debug|Any CPU
		{D53F3012-DB5F-40F3-B0A7-75032E5FE1C3}.Debug|Any CPU.Build.0 = Debug|Any CPU
		{D53F3012-DB5F-40F3-B0A7-75032E5FE1C3}.Release|Any CPU.ActiveCfg = Release|Any CPU
		{D53F3012-DB5F-40F3-B0A7-75032E5FE1C3}.Release|Any CPU.Build.0 = Release|Any CPU
		{67CB43EB-DC93-42E8-9CBA-4349EF3A94B6}.Debug|Any CPU.ActiveCfg = Debug|Any CPU
		{67CB43EB-DC93-42E8-9CBA-4349EF3A94B6}.Debug|Any CPU.Build.0 = Debug|Any CPU
		{67CB43EB-DC93-42E8-9CBA-4349EF3A94B6}.Release|Any CPU.ActiveCfg = Release|Any CPU
		{67CB43EB-DC93-42E8-9CBA-4349EF3A94B6}.Release|Any CPU.Build.0 = Release|Any CPU
	EndGlobalSection
	GlobalSection(SolutionProperties) = preSolution
		HideSolutionNode = FALSE
	EndGlobalSection
	GlobalSection(ExtensibilityGlobals) = postSolution
		SolutionGuid = {E574CD76-34D9-4AAB-A0F9-F20D3C612DD2}
	EndGlobalSection
EndGlobal
